// !$*UTF8*$!
{
	archiveVersion = 1;
	classes = {
	};
	objectVersion = 56;
	objects = {

/* Begin PBXBuildFile section */
		204B7A7E2BA1530300B09A73 /* utils.cpp in Sources */ = {isa = PBXBuildFile; fileRef = 204B7A7C2BA1530300B09A73 /* utils.cpp */; };
		2050821E2B9965D7007E5918 /* libcarlsim.a.5.0.0 in Frameworks */ = {isa = PBXBuildFile; fileRef = 2050821D2B9965D7007E5918 /* libcarlsim.a.5.0.0 */; };
		2050822D2B997496007E5918 /* main_cerebellum.cpp in Sources */ = {isa = PBXBuildFile; fileRef = 2050822C2B997496007E5918 /* main_cerebellum.cpp */; };
/* End PBXBuildFile section */

/* Begin PBXCopyFilesBuildPhase section */
		205082102B99658E007E5918 /* CopyFiles */ = {
			isa = PBXCopyFilesBuildPhase;
			buildActionMask = 2147483647;
			dstPath = /usr/share/man/man1/;
			dstSubfolderSpec = 0;
			files = (
			);
			runOnlyForDeploymentPostprocessing = 1;
		};
/* End PBXCopyFilesBuildPhase section */

/* Begin PBXFileReference section */
		204B7A7C2BA1530300B09A73 /* utils.cpp */ = {isa = PBXFileReference; lastKnownFileType = sourcecode.cpp.cpp; name = utils.cpp; path = include/utils.cpp; sourceTree = "<group>"; };
		204B7A7D2BA1530300B09A73 /* utils.hpp */ = {isa = PBXFileReference; lastKnownFileType = sourcecode.cpp.h; name = utils.hpp; path = include/utils.hpp; sourceTree = "<group>"; };
		205082122B99658E007E5918 /* cerebellum */ = {isa = PBXFileReference; explicitFileType = "compiled.mach-o.executable"; includeInIndex = 0; path = cerebellum; sourceTree = BUILT_PRODUCTS_DIR; };
		2050821D2B9965D7007E5918 /* libcarlsim.a.5.0.0 */ = {isa = PBXFileReference; lastKnownFileType = archive.ar; name = libcarlsim.a.5.0.0; path = ../../CARL/lib/libcarlsim.a.5.0.0; sourceTree = "<group>"; };
		2050822C2B997496007E5918 /* main_cerebellum.cpp */ = {isa = PBXFileReference; fileEncoding = 4; lastKnownFileType = sourcecode.cpp.cpp; name = main_cerebellum.cpp; path = src/main_cerebellum.cpp; sourceTree = SOURCE_ROOT; };
/* End PBXFileReference section */

/* Begin PBXFrameworksBuildPhase section */
		2050820F2B99658E007E5918 /* Frameworks */ = {
			isa = PBXFrameworksBuildPhase;
			buildActionMask = 2147483647;
			files = (
				2050821E2B9965D7007E5918 /* libcarlsim.a.5.0.0 in Frameworks */,
			);
			runOnlyForDeploymentPostprocessing = 0;
		};
/* End PBXFrameworksBuildPhase section */

/* Begin PBXGroup section */
		205082092B99658E007E5918 = {
			isa = PBXGroup;
			children = (
				204B7A7C2BA1530300B09A73 /* utils.cpp */,
				204B7A7D2BA1530300B09A73 /* utils.hpp */,
				205082142B99658E007E5918 /* cerebellum */,
				205082132B99658E007E5918 /* Products */,
				2050821C2B9965D7007E5918 /* Frameworks */,
			);
			sourceTree = "<group>";
		};
		205082132B99658E007E5918 /* Products */ = {
			isa = PBXGroup;
			children = (
				205082122B99658E007E5918 /* cerebellum */,
			);
			name = Products;
			sourceTree = "<group>";
		};
		205082142B99658E007E5918 /* cerebellum */ = {
			isa = PBXGroup;
			children = (
				2050822C2B997496007E5918 /* main_cerebellum.cpp */,
			);
			name = cerebellum;
			path = src;
			sourceTree = SOURCE_ROOT;
		};
		2050821C2B9965D7007E5918 /* Frameworks */ = {
			isa = PBXGroup;
			children = (
				2050821D2B9965D7007E5918 /* libcarlsim.a.5.0.0 */,
			);
			name = Frameworks;
			sourceTree = "<group>";
		};
/* End PBXGroup section */

/* Begin PBXNativeTarget section */
		205082112B99658E007E5918 /* cerebellum */ = {
			isa = PBXNativeTarget;
			buildConfigurationList = 205082192B99658E007E5918 /* Build configuration list for PBXNativeTarget "cerebellum" */;
			buildPhases = (
				2050820E2B99658E007E5918 /* Sources */,
				2050820F2B99658E007E5918 /* Frameworks */,
				205082102B99658E007E5918 /* CopyFiles */,
			);
			buildRules = (
			);
			dependencies = (
			);
			name = cerebellum;
			productName = cerebellum;
			productReference = 205082122B99658E007E5918 /* cerebellum */;
			productType = "com.apple.product-type.tool";
		};
/* End PBXNativeTarget section */

/* Begin PBXProject section */
		2050820A2B99658E007E5918 /* Project object */ = {
			isa = PBXProject;
			attributes = {
				BuildIndependentTargetsInParallel = 1;
				LastUpgradeCheck = 1530;
				TargetAttributes = {
					205082112B99658E007E5918 = {
						CreatedOnToolsVersion = 15.3;
					};
				};
			};
			buildConfigurationList = 2050820D2B99658E007E5918 /* Build configuration list for PBXProject "cerebellum" */;
			compatibilityVersion = "Xcode 14.0";
			developmentRegion = en;
			hasScannedForEncodings = 0;
			knownRegions = (
				en,
				Base,
			);
			mainGroup = 205082092B99658E007E5918;
			productRefGroup = 205082132B99658E007E5918 /* Products */;
			projectDirPath = "";
			projectRoot = "";
			targets = (
				205082112B99658E007E5918 /* cerebellum */,
			);
		};
/* End PBXProject section */

/* Begin PBXSourcesBuildPhase section */
		2050820E2B99658E007E5918 /* Sources */ = {
			isa = PBXSourcesBuildPhase;
			buildActionMask = 2147483647;
			files = (
				2050822D2B997496007E5918 /* main_cerebellum.cpp in Sources */,
				204B7A7E2BA1530300B09A73 /* utils.cpp in Sources */,
			);
			runOnlyForDeploymentPostprocessing = 0;
		};
/* End PBXSourcesBuildPhase section */

/* Begin XCBuildConfiguration section */
		205082172B99658E007E5918 /* Debug */ = {
			isa = XCBuildConfiguration;
			buildSettings = {
				ALWAYS_SEARCH_USER_PATHS = NO;
				ASSETCATALOG_COMPILER_GENERATE_SWIFT_ASSET_SYMBOL_EXTENSIONS = YES;
				CLANG_ANALYZER_NONNULL = YES;
				CLANG_ANALYZER_NUMBER_OBJECT_CONVERSION = YES_AGGRESSIVE;
				CLANG_CXX_LANGUAGE_STANDARD = "gnu++20";
				CLANG_ENABLE_MODULES = YES;
				CLANG_ENABLE_OBJC_ARC = YES;
				CLANG_ENABLE_OBJC_WEAK = YES;
				CLANG_WARN_BLOCK_CAPTURE_AUTORELEASING = YES;
				CLANG_WARN_BOOL_CONVERSION = YES;
				CLANG_WARN_COMMA = YES;
				CLANG_WARN_CONSTANT_CONVERSION = YES;
				CLANG_WARN_DEPRECATED_OBJC_IMPLEMENTATIONS = YES;
				CLANG_WARN_DIRECT_OBJC_ISA_USAGE = YES_ERROR;
				CLANG_WARN_DOCUMENTATION_COMMENTS = YES;
				CLANG_WARN_EMPTY_BODY = YES;
				CLANG_WARN_ENUM_CONVERSION = YES;
				CLANG_WARN_INFINITE_RECURSION = YES;
				CLANG_WARN_INT_CONVERSION = YES;
				CLANG_WARN_NON_LITERAL_NULL_CONVERSION = YES;
				CLANG_WARN_OBJC_IMPLICIT_RETAIN_SELF = YES;
				CLANG_WARN_OBJC_LITERAL_CONVERSION = YES;
				CLANG_WARN_OBJC_ROOT_CLASS = YES_ERROR;
				CLANG_WARN_QUOTED_INCLUDE_IN_FRAMEWORK_HEADER = YES;
				CLANG_WARN_RANGE_LOOP_ANALYSIS = YES;
				CLANG_WARN_STRICT_PROTOTYPES = YES;
				CLANG_WARN_SUSPICIOUS_MOVE = YES;
				CLANG_WARN_UNGUARDED_AVAILABILITY = YES_AGGRESSIVE;
				CLANG_WARN_UNREACHABLE_CODE = YES;
				CLANG_WARN__DUPLICATE_METHOD_MATCH = YES;
				COPY_PHASE_STRIP = NO;
				DEBUG_INFORMATION_FORMAT = dwarf;
				ENABLE_STRICT_OBJC_MSGSEND = YES;
				ENABLE_TESTABILITY = YES;
				ENABLE_USER_SCRIPT_SANDBOXING = YES;
				GCC_C_LANGUAGE_STANDARD = gnu17;
				GCC_DYNAMIC_NO_PIC = NO;
				GCC_NO_COMMON_BLOCKS = YES;
				GCC_OPTIMIZATION_LEVEL = 0;
				GCC_PREPROCESSOR_DEFINITIONS = (
					"DEBUG=1",
					"$(inherited)",
				);
				GCC_WARN_64_TO_32_BIT_CONVERSION = YES;
				GCC_WARN_ABOUT_RETURN_TYPE = YES_ERROR;
				GCC_WARN_UNDECLARED_SELECTOR = YES;
				GCC_WARN_UNINITIALIZED_AUTOS = YES_AGGRESSIVE;
				GCC_WARN_UNUSED_FUNCTION = YES;
				GCC_WARN_UNUSED_VARIABLE = YES;
				LOCALIZATION_PREFERS_STRING_CATALOGS = YES;
				MACOSX_DEPLOYMENT_TARGET = 14.3;
				MTL_ENABLE_DEBUG_INFO = INCLUDE_SOURCE;
				MTL_FAST_MATH = YES;
				ONLY_ACTIVE_ARCH = YES;
				SDKROOT = macosx;
			};
			name = Debug;
		};
		205082182B99658E007E5918 /* Release */ = {
			isa = XCBuildConfiguration;
			buildSettings = {
				ALWAYS_SEARCH_USER_PATHS = NO;
				ASSETCATALOG_COMPILER_GENERATE_SWIFT_ASSET_SYMBOL_EXTENSIONS = YES;
				CLANG_ANALYZER_NONNULL = YES;
				CLANG_ANALYZER_NUMBER_OBJECT_CONVERSION = YES_AGGRESSIVE;
				CLANG_CXX_LANGUAGE_STANDARD = "gnu++20";
				CLANG_ENABLE_MODULES = YES;
				CLANG_ENABLE_OBJC_ARC = YES;
				CLANG_ENABLE_OBJC_WEAK = YES;
				CLANG_WARN_BLOCK_CAPTURE_AUTORELEASING = YES;
				CLANG_WARN_BOOL_CONVERSION = YES;
				CLANG_WARN_COMMA = YES;
				CLANG_WARN_CONSTANT_CONVERSION = YES;
				CLANG_WARN_DEPRECATED_OBJC_IMPLEMENTATIONS = YES;
				CLANG_WARN_DIRECT_OBJC_ISA_USAGE = YES_ERROR;
				CLANG_WARN_DOCUMENTATION_COMMENTS = YES;
				CLANG_WARN_EMPTY_BODY = YES;
				CLANG_WARN_ENUM_CONVERSION = YES;
				CLANG_WARN_INFINITE_RECURSION = YES;
				CLANG_WARN_INT_CONVERSION = YES;
				CLANG_WARN_NON_LITERAL_NULL_CONVERSION = YES;
				CLANG_WARN_OBJC_IMPLICIT_RETAIN_SELF = YES;
				CLANG_WARN_OBJC_LITERAL_CONVERSION = YES;
				CLANG_WARN_OBJC_ROOT_CLASS = YES_ERROR;
				CLANG_WARN_QUOTED_INCLUDE_IN_FRAMEWORK_HEADER = YES;
				CLANG_WARN_RANGE_LOOP_ANALYSIS = YES;
				CLANG_WARN_STRICT_PROTOTYPES = YES;
				CLANG_WARN_SUSPICIOUS_MOVE = YES;
				CLANG_WARN_UNGUARDED_AVAILABILITY = YES_AGGRESSIVE;
				CLANG_WARN_UNREACHABLE_CODE = YES;
				CLANG_WARN__DUPLICATE_METHOD_MATCH = YES;
				COPY_PHASE_STRIP = NO;
				DEBUG_INFORMATION_FORMAT = "dwarf-with-dsym";
				ENABLE_NS_ASSERTIONS = NO;
				ENABLE_STRICT_OBJC_MSGSEND = YES;
				ENABLE_USER_SCRIPT_SANDBOXING = YES;
				GCC_C_LANGUAGE_STANDARD = gnu17;
				GCC_NO_COMMON_BLOCKS = YES;
				GCC_WARN_64_TO_32_BIT_CONVERSION = YES;
				GCC_WARN_ABOUT_RETURN_TYPE = YES_ERROR;
				GCC_WARN_UNDECLARED_SELECTOR = YES;
				GCC_WARN_UNINITIALIZED_AUTOS = YES_AGGRESSIVE;
				GCC_WARN_UNUSED_FUNCTION = YES;
				GCC_WARN_UNUSED_VARIABLE = YES;
				LOCALIZATION_PREFERS_STRING_CATALOGS = YES;
				MACOSX_DEPLOYMENT_TARGET = 14.3;
				MTL_ENABLE_DEBUG_INFO = NO;
				MTL_FAST_MATH = YES;
				SDKROOT = macosx;
			};
			name = Release;
		};
		2050821A2B99658E007E5918 /* Debug */ = {
			isa = XCBuildConfiguration;
			buildSettings = {
				ALLOW_TARGET_PLATFORM_SPECIALIZATION = NO;
				ALWAYS_SEARCH_USER_PATHS = NO;
				CODE_SIGN_STYLE = Automatic;
				COPY_HEADERS_RUN_UNIFDEF = NO;
				HEADER_SEARCH_PATHS = (
					"/Users/hoang/CARL/**",
					"./include/**",
				);
				LIBRARY_SEARCH_PATHS = (
					"/Users/hoang/CARL/**",
					"./**",
					"../**",
				);
				PRODUCT_NAME = "$(TARGET_NAME)";
				SYMROOT = /Users/hoang/Workspace/cerebellum_basic;
			};
			name = Debug;
		};
		2050821B2B99658E007E5918 /* Release */ = {
			isa = XCBuildConfiguration;
			buildSettings = {
				ALLOW_TARGET_PLATFORM_SPECIALIZATION = NO;
				ALWAYS_SEARCH_USER_PATHS = NO;
				CODE_SIGN_STYLE = Automatic;
				COPY_HEADERS_RUN_UNIFDEF = NO;
				HEADER_SEARCH_PATHS = (
					"/Users/hoang/CARL/**",
					"./include/**",
				);
				LIBRARY_SEARCH_PATHS = (
					"/Users/hoang/CARL/**",
					"./**",
					"../**",
				);
				PRODUCT_NAME = "$(TARGET_NAME)";
				SYMROOT = /Users/hoang/Workspace/cerebellum_basic;
			};
			name = Release;
		};
/* End XCBuildConfiguration section */

/* Begin XCConfigurationList section */
		2050820D2B99658E007E5918 /* Build configuration list for PBXProject "cerebellum" */ = {
			isa = XCConfigurationList;
			buildConfigurations = (
				205082172B99658E007E5918 /* Debug */,
				205082182B99658E007E5918 /* Release */,
			);
			defaultConfigurationIsVisible = 0;
			defaultConfigurationName = Release;
		};
		205082192B99658E007E5918 /* Build configuration list for PBXNativeTarget "cerebellum" */ = {
			isa = XCConfigurationList;
			buildConfigurations = (
				2050821A2B99658E007E5918 /* Debug */,
				2050821B2B99658E007E5918 /* Release */,
			);
			defaultConfigurationIsVisible = 0;
			defaultConfigurationName = Release;
		};
/* End XCConfigurationList section */
	};
	rootObject = 2050820A2B99658E007E5918 /* Project object */;
}
